
Microsoft Visual Studio Solution File, Format Version 12.00
# Visual Studio Version 17
VisualStudioVersion = 17.2.32519.379
MinimumVisualStudioVersion = 10.0.40219.1
Project("{FAE04EC0-301F-11D3-BF4B-00C04F79EFBC}") = "Matrizes", "Matrizes\Matrizes.csproj", "{BE3D344E-74D2-48D5-8801-849641D6D1DF}"
EndProject
Global
	GlobalSection(SolutionConfigurationPlatforms) = preSolution
		Debug|Any CPU = Debug|Any CPU
		Release|Any CPU = Release|Any CPU
	EndGlobalSection
	GlobalSection(ProjectConfigurationPlatforms) = postSolution
		{BE3D344E-74D2-48D5-8801-849641D6D1DF}.Debug|Any CPU.ActiveCfg = Debug|Any CPU
		{BE3D344E-74D2-48D5-8801-849641D6D1DF}.Debug|Any CPU.Build.0 = Debug|Any CPU
		{BE3D344E-74D2-48D5-8801-849641D6D1DF}.Release|Any CPU.ActiveCfg = Release|Any CPU
		{BE3D344E-74D2-48D5-8801-849641D6D1DF}.Release|Any CPU.Build.0 = Release|Any CPU
	EndGlobalSection
	GlobalSection(SolutionProperties) = preSolution
		HideSolutionNode = FALSE
	EndGlobalSection
	GlobalSection(ExtensibilityGlobals) = postSolution
		SolutionGuid = {F7E0A2F3-652C-48B8-992C-53E096512A69}
	EndGlobalSection
EndGlobal
